github.com/gorilla/websocket v1.4.2 h1:+/TMaTYc4QFitKJxsQ7Yye35DkWvkdLcvGKqM+x0Ufc=
github.com/gorilla/websocket v1.4.2/go.mod h1:YR8l580nyteQvAITg2hZ9XVh4b55+EU/adAjf1fMHhE=
github.com/xmdhs/lorca v0.1.11 h1:7hlWW0IdxkRnIFk1pbSa+cYDe/sI/2soGof/zasA9ZE=
github.com/xmdhs/lorca v0.1.11/go.mod h1:6avO+XtwRTexZmCsYcFCkNe0tVkdLxJGPeear8pO3PM=
github.com/xmdhs/msauth v0.1.1 h1:PELD5twsO+aUczbjdmBbMXKvYRjeBu3inlKHroYo6NU=
github.com/xmdhs/msauth v0.1.1/go.mod h1:cLFEd1Snx7OeWiPe1hdt8utNlICIPxDiKyUQfN53IuU=
github.com/ysmood/leakless v0.6.7 h1:nJNIwECon6vskFI4fgPPlFHEXZKUqKfdKijiopUdReE=
github.com/ysmood/leakless v0.6.7/go.mod h1:eOWmPkwrQgyJ+JivIgpu5EoJXRN04Wf+wENtR9CUKyE=
golang.org/x/sys v0.0.0-20200828194041-157a740278f4/go.mod h1:h1NjWce9XRLGQEsW7wpKNCjG9DtNlClVuFLEZdDNbEs=